
Microsoft Visual Studio Solution File, Format Version 12.00
# Visual Studio Version 16
VisualStudioVersion = 16.0.29721.120
MinimumVisualStudioVersion = 10.0.40219.1
Project("{9A19103F-16F7-4668-BE54-9A1E7A4F7556}") = "TTWebAuto", "TTWebAuto\TTWebAuto.csproj", "{384B305E-B0C2-4035-939A-C58D0EA4BCC5}"
EndProject
Project("{9A19103F-16F7-4668-BE54-9A1E7A4F7556}") = "TTWebCommon", "TTWebCommon\TTWebCommon.csproj", "{EBE9A549-CBE8-48E3-82F7-F4AD12948713}"
EndProject
Project("{9A19103F-16F7-4668-BE54-9A1E7A4F7556}") = "TTWebWorker", "TTWebWorker\TTWebWorker.csproj", "{358A1401-7535-412F-8ECA-293A4B93CCC2}"
EndProject
Project("{9A19103F-16F7-4668-BE54-9A1E7A4F7556}") = "TTWebApi", "TTWebApi\TTWebApi.csproj", "{81C629EE-9780-4AFB-B616-E88A1CAC2EA8}"
EndProject
Project("{FAE04EC0-301F-11D3-BF4B-00C04F79EFBC}") = "TTWebMVC", "TTWebMVC\TTWebMVC.csproj", "{555960D7-4C2C-4F7A-8375-6E0C75FEF186}"
EndProject
Project("{FAE04EC0-301F-11D3-BF4B-00C04F79EFBC}") = "TTWebMVCV2", "TTWebMVCV2\TTWebMVCV2.csproj", "{9B5586B0-A9D0-4C26-9BD3-F83495D88843}"
EndProject
Global
	GlobalSection(SolutionConfigurationPlatforms) = preSolution
		Debug|Any CPU = Debug|Any CPU
		Release|Any CPU = Release|Any CPU
	EndGlobalSection
	GlobalSection(ProjectConfigurationPlatforms) = postSolution
		{384B305E-B0C2-4035-939A-C58D0EA4BCC5}.Debug|Any CPU.ActiveCfg = Debug|Any CPU
		{384B305E-B0C2-4035-939A-C58D0EA4BCC5}.Debug|Any CPU.Build.0 = Debug|Any CPU
		{384B305E-B0C2-4035-939A-C58D0EA4BCC5}.Release|Any CPU.ActiveCfg = Release|Any CPU
		{384B305E-B0C2-4035-939A-C58D0EA4BCC5}.Release|Any CPU.Build.0 = Release|Any CPU
		{EBE9A549-CBE8-48E3-82F7-F4AD12948713}.Debug|Any CPU.ActiveCfg = Debug|Any CPU
		{EBE9A549-CBE8-48E3-82F7-F4AD12948713}.Debug|Any CPU.Build.0 = Debug|Any CPU
		{EBE9A549-CBE8-48E3-82F7-F4AD12948713}.Release|Any CPU.ActiveCfg = Release|Any CPU
		{EBE9A549-CBE8-48E3-82F7-F4AD12948713}.Release|Any CPU.Build.0 = Release|Any CPU
		{358A1401-7535-412F-8ECA-293A4B93CCC2}.Debug|Any CPU.ActiveCfg = Debug|Any CPU
		{358A1401-7535-412F-8ECA-293A4B93CCC2}.Debug|Any CPU.Build.0 = Debug|Any CPU
		{358A1401-7535-412F-8ECA-293A4B93CCC2}.Release|Any CPU.ActiveCfg = Release|Any CPU
		{358A1401-7535-412F-8ECA-293A4B93CCC2}.Release|Any CPU.Build.0 = Release|Any CPU
		{81C629EE-9780-4AFB-B616-E88A1CAC2EA8}.Debug|Any CPU.ActiveCfg = Debug|Any CPU
		{81C629EE-9780-4AFB-B616-E88A1CAC2EA8}.Debug|Any CPU.Build.0 = Debug|Any CPU
		{81C629EE-9780-4AFB-B616-E88A1CAC2EA8}.Release|Any CPU.ActiveCfg = Release|Any CPU
		{81C629EE-9780-4AFB-B616-E88A1CAC2EA8}.Release|Any CPU.Build.0 = Release|Any CPU
		{555960D7-4C2C-4F7A-8375-6E0C75FEF186}.Debug|Any CPU.ActiveCfg = Debug|Any CPU
		{555960D7-4C2C-4F7A-8375-6E0C75FEF186}.Debug|Any CPU.Build.0 = Debug|Any CPU
		{555960D7-4C2C-4F7A-8375-6E0C75FEF186}.Release|Any CPU.ActiveCfg = Release|Any CPU
		{555960D7-4C2C-4F7A-8375-6E0C75FEF186}.Release|Any CPU.Build.0 = Release|Any CPU
		{9B5586B0-A9D0-4C26-9BD3-F83495D88843}.Debug|Any CPU.ActiveCfg = Debug|Any CPU
		{9B5586B0-A9D0-4C26-9BD3-F83495D88843}.Debug|Any CPU.Build.0 = Debug|Any CPU
		{9B5586B0-A9D0-4C26-9BD3-F83495D88843}.Release|Any CPU.ActiveCfg = Release|Any CPU
		{9B5586B0-A9D0-4C26-9BD3-F83495D88843}.Release|Any CPU.Build.0 = Release|Any CPU
	EndGlobalSection
	GlobalSection(SolutionProperties) = preSolution
		HideSolutionNode = FALSE
	EndGlobalSection
	GlobalSection(ExtensibilityGlobals) = postSolution
		SolutionGuid = {68EA1773-2874-45DF-A8D8-2D1658CD5D8D}
	EndGlobalSection
EndGlobal
