
Microsoft Visual Studio Solution File, Format Version 12.00
# Visual Studio Version 16
VisualStudioVersion = 16.0.29721.120
MinimumVisualStudioVersion = 10.0.40219.1
Project("{9A19103F-16F7-4668-BE54-9A1E7A4F7556}") = "TTWebCommon", "TTWebCommon\TTWebCommon.csproj", "{EBE9A549-CBE8-48E3-82F7-F4AD12948713}"
EndProject
Project("{9A19103F-16F7-4668-BE54-9A1E7A4F7556}") = "TTWebMVCV2", "TTWebMVCV2\TTWebMVCV2.csproj", "{9B5586B0-A9D0-4C26-9BD3-F83495D88843}"
EndProject
Project("{9A19103F-16F7-4668-BE54-9A1E7A4F7556}") = "TTWeb.BusinessLogic", "TTWeb.BusinessLogic\TTWeb.BusinessLogic.csproj", "{842E95EC-82E2-4185-B111-0060E9674024}"
EndProject
Project("{9A19103F-16F7-4668-BE54-9A1E7A4F7556}") = "TTWeb.Data", "TTWeb.Data\TTWeb.Data.csproj", "{CAD01E9B-B0A0-4466-9C91-9E6C25ED5545}"
EndProject
Project("{2150E333-8FDC-42A3-9474-1A3956D46DE8}") = "Archives", "Archives", "{9753738C-4FC6-4245-BC87-71AA5C30DC4F}"
EndProject
Project("{FAE04EC0-301F-11D3-BF4B-00C04F79EFBC}") = "TTWeb.Web.Api", "TTWeb.Web.Api\TTWeb.Web.Api.csproj", "{F98DA98B-2845-40E7-B857-47DE25AFE849}"
EndProject
Global
	GlobalSection(SolutionConfigurationPlatforms) = preSolution
		Debug|Any CPU = Debug|Any CPU
		Release|Any CPU = Release|Any CPU
	EndGlobalSection
	GlobalSection(ProjectConfigurationPlatforms) = postSolution
		{EBE9A549-CBE8-48E3-82F7-F4AD12948713}.Debug|Any CPU.ActiveCfg = Debug|Any CPU
		{EBE9A549-CBE8-48E3-82F7-F4AD12948713}.Debug|Any CPU.Build.0 = Debug|Any CPU
		{EBE9A549-CBE8-48E3-82F7-F4AD12948713}.Release|Any CPU.ActiveCfg = Release|Any CPU
		{EBE9A549-CBE8-48E3-82F7-F4AD12948713}.Release|Any CPU.Build.0 = Release|Any CPU
		{9B5586B0-A9D0-4C26-9BD3-F83495D88843}.Debug|Any CPU.ActiveCfg = Debug|Any CPU
		{9B5586B0-A9D0-4C26-9BD3-F83495D88843}.Debug|Any CPU.Build.0 = Debug|Any CPU
		{9B5586B0-A9D0-4C26-9BD3-F83495D88843}.Release|Any CPU.ActiveCfg = Release|Any CPU
		{9B5586B0-A9D0-4C26-9BD3-F83495D88843}.Release|Any CPU.Build.0 = Release|Any CPU
		{842E95EC-82E2-4185-B111-0060E9674024}.Debug|Any CPU.ActiveCfg = Debug|Any CPU
		{842E95EC-82E2-4185-B111-0060E9674024}.Debug|Any CPU.Build.0 = Debug|Any CPU
		{842E95EC-82E2-4185-B111-0060E9674024}.Release|Any CPU.ActiveCfg = Release|Any CPU
		{842E95EC-82E2-4185-B111-0060E9674024}.Release|Any CPU.Build.0 = Release|Any CPU
		{CAD01E9B-B0A0-4466-9C91-9E6C25ED5545}.Debug|Any CPU.ActiveCfg = Debug|Any CPU
		{CAD01E9B-B0A0-4466-9C91-9E6C25ED5545}.Debug|Any CPU.Build.0 = Debug|Any CPU
		{CAD01E9B-B0A0-4466-9C91-9E6C25ED5545}.Release|Any CPU.ActiveCfg = Release|Any CPU
		{CAD01E9B-B0A0-4466-9C91-9E6C25ED5545}.Release|Any CPU.Build.0 = Release|Any CPU
		{F98DA98B-2845-40E7-B857-47DE25AFE849}.Debug|Any CPU.ActiveCfg = Debug|Any CPU
		{F98DA98B-2845-40E7-B857-47DE25AFE849}.Debug|Any CPU.Build.0 = Debug|Any CPU
		{F98DA98B-2845-40E7-B857-47DE25AFE849}.Release|Any CPU.ActiveCfg = Release|Any CPU
		{F98DA98B-2845-40E7-B857-47DE25AFE849}.Release|Any CPU.Build.0 = Release|Any CPU
	EndGlobalSection
	GlobalSection(SolutionProperties) = preSolution
		HideSolutionNode = FALSE
	EndGlobalSection
	GlobalSection(NestedProjects) = preSolution
		{EBE9A549-CBE8-48E3-82F7-F4AD12948713} = {9753738C-4FC6-4245-BC87-71AA5C30DC4F}
		{9B5586B0-A9D0-4C26-9BD3-F83495D88843} = {9753738C-4FC6-4245-BC87-71AA5C30DC4F}
	EndGlobalSection
	GlobalSection(ExtensibilityGlobals) = postSolution
		SolutionGuid = {68EA1773-2874-45DF-A8D8-2D1658CD5D8D}
	EndGlobalSection
EndGlobal
