
Microsoft Visual Studio Solution File, Format Version 12.00
# Visual Studio Version 16
VisualStudioVersion = 16.0.29721.120
MinimumVisualStudioVersion = 10.0.40219.1
Project("{9A19103F-16F7-4668-BE54-9A1E7A4F7556}") = "TTWebCommon", "TTWebCommon\TTWebCommon.csproj", "{EBE9A549-CBE8-48E3-82F7-F4AD12948713}"
EndProject
Project("{9A19103F-16F7-4668-BE54-9A1E7A4F7556}") = "TTWebMVCV2", "TTWebMVCV2\TTWebMVCV2.csproj", "{9B5586B0-A9D0-4C26-9BD3-F83495D88843}"
EndProject
Project("{9A19103F-16F7-4668-BE54-9A1E7A4F7556}") = "TTWeb.Web", "TTWeb.Web\TTWeb.Web.csproj", "{6D1734B3-5F13-4A5E-A8ED-49B05CB9267A}"
EndProject
Project("{FAE04EC0-301F-11D3-BF4B-00C04F79EFBC}") = "TTWeb.BusinessLogic", "TTWeb.BusinessLogic\TTWeb.BusinessLogic.csproj", "{842E95EC-82E2-4185-B111-0060E9674024}"
EndProject
Project("{FAE04EC0-301F-11D3-BF4B-00C04F79EFBC}") = "TTWeb.Data", "TTWeb.Data\TTWeb.Data.csproj", "{CAD01E9B-B0A0-4466-9C91-9E6C25ED5545}"
EndProject
Global
	GlobalSection(SolutionConfigurationPlatforms) = preSolution
		Debug|Any CPU = Debug|Any CPU
		Release|Any CPU = Release|Any CPU
	EndGlobalSection
	GlobalSection(ProjectConfigurationPlatforms) = postSolution
		{EBE9A549-CBE8-48E3-82F7-F4AD12948713}.Debug|Any CPU.ActiveCfg = Debug|Any CPU
		{EBE9A549-CBE8-48E3-82F7-F4AD12948713}.Debug|Any CPU.Build.0 = Debug|Any CPU
		{EBE9A549-CBE8-48E3-82F7-F4AD12948713}.Release|Any CPU.ActiveCfg = Release|Any CPU
		{EBE9A549-CBE8-48E3-82F7-F4AD12948713}.Release|Any CPU.Build.0 = Release|Any CPU
		{9B5586B0-A9D0-4C26-9BD3-F83495D88843}.Debug|Any CPU.ActiveCfg = Debug|Any CPU
		{9B5586B0-A9D0-4C26-9BD3-F83495D88843}.Debug|Any CPU.Build.0 = Debug|Any CPU
		{9B5586B0-A9D0-4C26-9BD3-F83495D88843}.Release|Any CPU.ActiveCfg = Release|Any CPU
		{9B5586B0-A9D0-4C26-9BD3-F83495D88843}.Release|Any CPU.Build.0 = Release|Any CPU
		{6D1734B3-5F13-4A5E-A8ED-49B05CB9267A}.Debug|Any CPU.ActiveCfg = Debug|Any CPU
		{6D1734B3-5F13-4A5E-A8ED-49B05CB9267A}.Debug|Any CPU.Build.0 = Debug|Any CPU
		{6D1734B3-5F13-4A5E-A8ED-49B05CB9267A}.Release|Any CPU.ActiveCfg = Release|Any CPU
		{6D1734B3-5F13-4A5E-A8ED-49B05CB9267A}.Release|Any CPU.Build.0 = Release|Any CPU
		{842E95EC-82E2-4185-B111-0060E9674024}.Debug|Any CPU.ActiveCfg = Debug|Any CPU
		{842E95EC-82E2-4185-B111-0060E9674024}.Debug|Any CPU.Build.0 = Debug|Any CPU
		{842E95EC-82E2-4185-B111-0060E9674024}.Release|Any CPU.ActiveCfg = Release|Any CPU
		{842E95EC-82E2-4185-B111-0060E9674024}.Release|Any CPU.Build.0 = Release|Any CPU
		{CAD01E9B-B0A0-4466-9C91-9E6C25ED5545}.Debug|Any CPU.ActiveCfg = Debug|Any CPU
		{CAD01E9B-B0A0-4466-9C91-9E6C25ED5545}.Debug|Any CPU.Build.0 = Debug|Any CPU
		{CAD01E9B-B0A0-4466-9C91-9E6C25ED5545}.Release|Any CPU.ActiveCfg = Release|Any CPU
		{CAD01E9B-B0A0-4466-9C91-9E6C25ED5545}.Release|Any CPU.Build.0 = Release|Any CPU
	EndGlobalSection
	GlobalSection(SolutionProperties) = preSolution
		HideSolutionNode = FALSE
	EndGlobalSection
	GlobalSection(ExtensibilityGlobals) = postSolution
		SolutionGuid = {68EA1773-2874-45DF-A8D8-2D1658CD5D8D}
	EndGlobalSection
EndGlobal
